{
  "name": "wechat-dat",
  "version": "1.0.0",
  "lockfileVersion": 2,
  "requires": true,
  "packages": {
    "": {
      "name": "wechat-dat",
      "version": "1.0.0",
      "license": "ISC",
      "dependencies": {
        "async": "^3.2.4",
        "dirfile": "^1.0.2"
      }
    },
    "node_modules/async": {
      "version": "3.2.4",
      "resolved": "https://registry.npmjs.org/async/-/async-3.2.4.tgz",
      "integrity": "sha512-iAB+JbDEGXhyIUavoDl9WP/Jj106Kz9DEn1DPgYw5ruDn0e3Wgi3sKFm55sASdGBNOQB8F59d9qQ7deqrHA8wQ=="
    },
    "node_modules/dirfile": {
      "version": "1.0.2",
      "resolved": "https://registry.npmjs.org/dirfile/-/dirfile-1.0.2.tgz",
      "integrity": "sha512-eEuRbxN0VyZ7lvH2EJKJcOcSMSemGkEwONtCba5HwHGg6ffOjoZET6+9XKkfx8WGnoLHPhw5YwODV36xsxKy4g==",
      "dependencies": {
        "async": "^3.1.0"
      }
    }
  },
  "dependencies": {
    "async": {
      "version": "3.2.4",
      "resolved": "https://registry.npmjs.org/async/-/async-3.2.4.tgz",
      "integrity": "sha512-iAB+JbDEGXhyIUavoDl9WP/Jj106Kz9DEn1DPgYw5ruDn0e3Wgi3sKFm55sASdGBNOQB8F59d9qQ7deqrHA8wQ=="
    },
    "dirfile": {
      "version": "1.0.2",
      "resolved": "https://registry.npmjs.org/dirfile/-/dirfile-1.0.2.tgz",
      "integrity": "sha512-eEuRbxN0VyZ7lvH2EJKJcOcSMSemGkEwONtCba5HwHGg6ffOjoZET6+9XKkfx8WGnoLHPhw5YwODV36xsxKy4g==",
      "requires": {
        "async": "^3.1.0"
      }
    }
  }
}
